{
  "lockfileVersion": 1,
  "configVersion": 1,
  "workspaces": {
    "": {
      "name": "gamekart-backend",
      "dependencies": {
        "hono": "^4.12.30",
      },
    },
  },
  "packages": {
    "hono": ["hono@4.12.30", "", {}, "sha512-emn+JoJjrN9YTpRDS5it/UI2SO9BAE37T6I3d963RxcZ81G9A4pr2SZTEiiaiKbzx+NKRg5BZ89fCL7gCJCUog=="],
  }
}
